{
  "name": "@tinypudding/firebase-booru-database",
  "version": "1.0.0",
  "lockfileVersion": 1,
  "requires": true,
  "dependencies": {
    "for-promise": {
      "version": "1.2.6",
      "resolved": "https://registry.npmjs.org/for-promise/-/for-promise-1.2.6.tgz",
      "integrity": "sha512-9hvbEgsVw/D1gHibCUBaZqqPMQmP3osrSLvaJUSScApV3JAoyfroyv+grQfx01zB5itC6LHNT9zsoxEFvZIqFw=="
    }
  }
}
