{
  "name": "@tinypudding/firebase-booru-database",
  "version": "1.0.0",
  "lockfileVersion": 1,
  "requires": true,
  "dependencies": {
    "for-promise": {
      "version": "1.2.7",
      "resolved": "https://registry.npmjs.org/for-promise/-/for-promise-1.2.7.tgz",
      "integrity": "sha512-xjOblkPJJ8Cm/qEQVb0/TJ1Luzpo2PZMIeSo0QE5tsV5YqEdZd9wOdbL6qhv6uAgG1+L9RwIui8G1S/0LkGt8g=="
    }
  }
}
